
Microsoft Visual Studio Solution File, Format Version 12.00
# Visual Studio Version 17
VisualStudioVersion = 17.2.32526.322
MinimumVisualStudioVersion = 10.0.40219.1
Project("{9A19103F-16F7-4668-BE54-9A1E7A4F7556}") = "QventoAPI", "QventoAPI\QventoAPI.csproj", "{4AF36D79-5F95-4113-AC85-6D112ACC720D}"
EndProject
Project("{9A19103F-16F7-4668-BE54-9A1E7A4F7556}") = "TestQventoAPI", "TestQventoAPI\TestQventoAPI.csproj", "{F1F6896F-61C0-4AAB-9A82-11A5CC0CF540}"
EndProject
Global
	GlobalSection(SolutionConfigurationPlatforms) = preSolution
		Debug|Any CPU = Debug|Any CPU
		Release|Any CPU = Release|Any CPU
	EndGlobalSection
	GlobalSection(ProjectConfigurationPlatforms) = postSolution
		{4AF36D79-5F95-4113-AC85-6D112ACC720D}.Debug|Any CPU.ActiveCfg = Debug|Any CPU
		{4AF36D79-5F95-4113-AC85-6D112ACC720D}.Debug|Any CPU.Build.0 = Debug|Any CPU
		{4AF36D79-5F95-4113-AC85-6D112ACC720D}.Release|Any CPU.ActiveCfg = Release|Any CPU
		{4AF36D79-5F95-4113-AC85-6D112ACC720D}.Release|Any CPU.Build.0 = Release|Any CPU
		{F1F6896F-61C0-4AAB-9A82-11A5CC0CF540}.Debug|Any CPU.ActiveCfg = Debug|Any CPU
		{F1F6896F-61C0-4AAB-9A82-11A5CC0CF540}.Debug|Any CPU.Build.0 = Debug|Any CPU
		{F1F6896F-61C0-4AAB-9A82-11A5CC0CF540}.Release|Any CPU.ActiveCfg = Release|Any CPU
		{F1F6896F-61C0-4AAB-9A82-11A5CC0CF540}.Release|Any CPU.Build.0 = Release|Any CPU
	EndGlobalSection
	GlobalSection(SolutionProperties) = preSolution
		HideSolutionNode = FALSE
	EndGlobalSection
	GlobalSection(ExtensibilityGlobals) = postSolution
		SolutionGuid = {F1031475-0BF9-4C07-A403-3848F3CE48CD}
	EndGlobalSection
EndGlobal
